// !$*UTF8*$!
{
	archiveVersion = 1;
	classes = {
	};
	objectVersion = 50;
	objects = {

/* Begin PBXBuildFile section */
		CF6F654D250E7B9A00F42895 /* AppDelegate.swift in Sources */ = {isa = PBXBuildFile; fileRef = CF6F654C250E7B9A00F42895 /* AppDelegate.swift */; };
		CF6F654F250E7B9A00F42895 /* SceneDelegate.swift in Sources */ = {isa = PBXBuildFile; fileRef = CF6F654E250E7B9A00F42895 /* SceneDelegate.swift */; };
		CF6F6551250E7B9A00F42895 /* ViewController.swift in Sources */ = {isa = PBXBuildFile; fileRef = CF6F6550250E7B9A00F42895 /* ViewController.swift */; };
		CF6F6554250E7B9A00F42895 /* Main.storyboard in Resources */ = {isa = PBXBuildFile; fileRef = CF6F6552250E7B9A00F42895 /* Main.storyboard */; };
		CF6F6556250E7BA600F42895 /* Assets.xcassets in Resources */ = {isa = PBXBuildFile; fileRef = CF6F6555250E7BA600F42895 /* Assets.xcassets */; };
		CF6F6559250E7BA600F42895 /* LaunchScreen.storyboard in Resources */ = {isa = PBXBuildFile; fileRef = CF6F6557250E7BA600F42895 /* LaunchScreen.storyboard */; };
		CF6F6564250E7BA600F42895 /* FlixsterTests.swift in Sources */ = {isa = PBXBuildFile; fileRef = CF6F6563250E7BA600F42895 /* FlixsterTests.swift */; };
		CF6F656F250E7BA600F42895 /* FlixsterUITests.swift in Sources */ = {isa = PBXBuildFile; fileRef = CF6F656E250E7BA600F42895 /* FlixsterUITests.swift */; };
/* End PBXBuildFile section */

/* Begin PBXContainerItemProxy section */
		CF6F6560250E7BA600F42895 /* PBXContainerItemProxy */ = {
			isa = PBXContainerItemProxy;
			containerPortal = CF6F6541250E7B9A00F42895 /* Project object */;
			proxyType = 1;
			remoteGlobalIDString = CF6F6548250E7B9A00F42895;
			remoteInfo = Flixster;
		};
		CF6F656B250E7BA600F42895 /* PBXContainerItemProxy */ = {
			isa = PBXContainerItemProxy;
			containerPortal = CF6F6541250E7B9A00F42895 /* Project object */;
			proxyType = 1;
			remoteGlobalIDString = CF6F6548250E7B9A00F42895;
			remoteInfo = Flixster;
		};
/* End PBXContainerItemProxy section */

/* Begin PBXFileReference section */
		CF6F6549250E7B9A00F42895 /* Flixster.app */ = {isa = PBXFileReference; explicitFileType = wrapper.application; includeInIndex = 0; path = Flixster.app; sourceTree = BUILT_PRODUCTS_DIR; };
		CF6F654C250E7B9A00F42895 /* AppDelegate.swift */ = {isa = PBXFileReference; lastKnownFileType = sourcecode.swift; path = AppDelegate.swift; sourceTree = "<group>"; };
		CF6F654E250E7B9A00F42895 /* SceneDelegate.swift */ = {isa = PBXFileReference; lastKnownFileType = sourcecode.swift; path = SceneDelegate.swift; sourceTree = "<group>"; };
		CF6F6550250E7B9A00F42895 /* ViewController.swift */ = {isa = PBXFileReference; lastKnownFileType = sourcecode.swift; path = ViewController.swift; sourceTree = "<group>"; };
		CF6F6553250E7B9A00F42895 /* Base */ = {isa = PBXFileReference; lastKnownFileType = file.storyboard; name = Base; path = Base.lproj/Main.storyboard; sourceTree = "<group>"; };
		CF6F6555250E7BA600F42895 /* Assets.xcassets */ = {isa = PBXFileReference; lastKnownFileType = folder.assetcatalog; path = Assets.xcassets; sourceTree = "<group>"; };
		CF6F6558250E7BA600F42895 /* Base */ = {isa = PBXFileReference; lastKnownFileType = file.storyboard; name = Base; path = Base.lproj/LaunchScreen.storyboard; sourceTree = "<group>"; };
		CF6F655A250E7BA600F42895 /* Info.plist */ = {isa = PBXFileReference; lastKnownFileType = text.plist.xml; path = Info.plist; sourceTree = "<group>"; };
		CF6F655F250E7BA600F42895 /* FlixsterTests.xctest */ = {isa = PBXFileReference; explicitFileType = wrapper.cfbundle; includeInIndex = 0; path = FlixsterTests.xctest; sourceTree = BUILT_PRODUCTS_DIR; };
		CF6F6563250E7BA600F42895 /* FlixsterTests.swift */ = {isa = PBXFileReference; lastKnownFileType = sourcecode.swift; path = FlixsterTests.swift; sourceTree = "<group>"; };
		CF6F6565250E7BA600F42895 /* Info.plist */ = {isa = PBXFileReference; lastKnownFileType = text.plist.xml; path = Info.plist; sourceTree = "<group>"; };
		CF6F656A250E7BA600F42895 /* FlixsterUITests.xctest */ = {isa = PBXFileReference; explicitFileType = wrapper.cfbundle; includeInIndex = 0; path = FlixsterUITests.xctest; sourceTree = BUILT_PRODUCTS_DIR; };
		CF6F656E250E7BA600F42895 /* FlixsterUITests.swift */ = {isa = PBXFileReference; lastKnownFileType = sourcecode.swift; path = FlixsterUITests.swift; sourceTree = "<group>"; };
		CF6F6570250E7BA600F42895 /* Info.plist */ = {isa = PBXFileReference; lastKnownFileType = text.plist.xml; path = Info.plist; sourceTree = "<group>"; };
/* End PBXFileReference section */

/* Begin PBXFrameworksBuildPhase section */
		CF6F6546250E7B9A00F42895 /* Frameworks */ = {
			isa = PBXFrameworksBuildPhase;
			buildActionMask = 2147483647;
			files = (
			);
			runOnlyForDeploymentPostprocessing = 0;
		};
		CF6F655C250E7BA600F42895 /* Frameworks */ = {
			isa = PBXFrameworksBuildPhase;
			buildActionMask = 2147483647;
			files = (
			);
			runOnlyForDeploymentPostprocessing = 0;
		};
		CF6F6567250E7BA600F42895 /* Frameworks */ = {
			isa = PBXFrameworksBuildPhase;
			buildActionMask = 2147483647;
			files = (
			);
			runOnlyForDeploymentPostprocessing = 0;
		};
/* End PBXFrameworksBuildPhase section */

/* Begin PBXGroup section */
		CF6F6540250E7B9A00F42895 = {
			isa = PBXGroup;
			children = (
				CF6F654B250E7B9A00F42895 /* Flixster */,
				CF6F6562250E7BA600F42895 /* FlixsterTests */,
				CF6F656D250E7BA600F42895 /* FlixsterUITests */,
				CF6F654A250E7B9A00F42895 /* Products */,
			);
			sourceTree = "<group>";
		};
		CF6F654A250E7B9A00F42895 /* Products */ = {
			isa = PBXGroup;
			children = (
				CF6F6549250E7B9A00F42895 /* Flixster.app */,
				CF6F655F250E7BA600F42895 /* FlixsterTests.xctest */,
				CF6F656A250E7BA600F42895 /* FlixsterUITests.xctest */,
			);
			name = Products;
			sourceTree = "<group>";
		};
		CF6F654B250E7B9A00F42895 /* Flixster */ = {
			isa = PBXGroup;
			children = (
				CF6F654C250E7B9A00F42895 /* AppDelegate.swift */,
				CF6F654E250E7B9A00F42895 /* SceneDelegate.swift */,
				CF6F6550250E7B9A00F42895 /* ViewController.swift */,
				CF6F6552250E7B9A00F42895 /* Main.storyboard */,
				CF6F6555250E7BA600F42895 /* Assets.xcassets */,
				CF6F6557250E7BA600F42895 /* LaunchScreen.storyboard */,
				CF6F655A250E7BA600F42895 /* Info.plist */,
			);
			path = Flixster;
			sourceTree = "<group>";
		};
		CF6F6562250E7BA600F42895 /* FlixsterTests */ = {
			isa = PBXGroup;
			children = (
				CF6F6563250E7BA600F42895 /* FlixsterTests.swift */,
				CF6F6565250E7BA600F42895 /* Info.plist */,
			);
			path = FlixsterTests;
			sourceTree = "<group>";
		};
		CF6F656D250E7BA600F42895 /* FlixsterUITests */ = {
			isa = PBXGroup;
			children = (
				CF6F656E250E7BA600F42895 /* FlixsterUITests.swift */,
				CF6F6570250E7BA600F42895 /* Info.plist */,
			);
			path = FlixsterUITests;
			sourceTree = "<group>";
		};
/* End PBXGroup section */

/* Begin PBXNativeTarget section */
		CF6F6548250E7B9A00F42895 /* Flixster */ = {
			isa = PBXNativeTarget;
			buildConfigurationList = CF6F6573250E7BA600F42895 /* Build configuration list for PBXNativeTarget "Flixster" */;
			buildPhases = (
				CF6F6545250E7B9A00F42895 /* Sources */,
				CF6F6546250E7B9A00F42895 /* Frameworks */,
				CF6F6547250E7B9A00F42895 /* Resources */,
			);
			buildRules = (
			);
			dependencies = (
			);
			name = Flixster;
			productName = Flixster;
			productReference = CF6F6549250E7B9A00F42895 /* Flixster.app */;
			productType = "com.apple.product-type.application";
		};
		CF6F655E250E7BA600F42895 /* FlixsterTests */ = {
			isa = PBXNativeTarget;
			buildConfigurationList = CF6F6576250E7BA600F42895 /* Build configuration list for PBXNativeTarget "FlixsterTests" */;
			buildPhases = (
				CF6F655B250E7BA600F42895 /* Sources */,
				CF6F655C250E7BA600F42895 /* Frameworks */,
				CF6F655D250E7BA600F42895 /* Resources */,
			);
			buildRules = (
			);
			dependencies = (
				CF6F6561250E7BA600F42895 /* PBXTargetDependency */,
			);
			name = FlixsterTests;
			productName = FlixsterTests;
			productReference = CF6F655F250E7BA600F42895 /* FlixsterTests.xctest */;
			productType = "com.apple.product-type.bundle.unit-test";
		};
		CF6F6569250E7BA600F42895 /* FlixsterUITests */ = {
			isa = PBXNativeTarget;
			buildConfigurationList = CF6F6579250E7BA600F42895 /* Build configuration list for PBXNativeTarget "FlixsterUITests" */;
			buildPhases = (
				CF6F6566250E7BA600F42895 /* Sources */,
				CF6F6567250E7BA600F42895 /* Frameworks */,
				CF6F6568250E7BA600F42895 /* Resources */,
			);
			buildRules = (
			);
			dependencies = (
				CF6F656C250E7BA600F42895 /* PBXTargetDependency */,
			);
			name = FlixsterUITests;
			productName = FlixsterUITests;
			productReference = CF6F656A250E7BA600F42895 /* FlixsterUITests.xctest */;
			productType = "com.apple.product-type.bundle.ui-testing";
		};
/* End PBXNativeTarget section */

/* Begin PBXProject section */
		CF6F6541250E7B9A00F42895 /* Project object */ = {
			isa = PBXProject;
			attributes = {
				LastSwiftUpdateCheck = 1170;
				LastUpgradeCheck = 1170;
				ORGANIZATIONNAME = Codepath;
				TargetAttributes = {
					CF6F6548250E7B9A00F42895 = {
						CreatedOnToolsVersion = 11.7;
					};
					CF6F655E250E7BA600F42895 = {
						CreatedOnToolsVersion = 11.7;
						TestTargetID = CF6F6548250E7B9A00F42895;
					};
					CF6F6569250E7BA600F42895 = {
						CreatedOnToolsVersion = 11.7;
						TestTargetID = CF6F6548250E7B9A00F42895;
					};
				};
			};
			buildConfigurationList = CF6F6544250E7B9A00F42895 /* Build configuration list for PBXProject "Flixster" */;
			compatibilityVersion = "Xcode 9.3";
			developmentRegion = en;
			hasScannedForEncodings = 0;
			knownRegions = (
				en,
				Base,
			);
			mainGroup = CF6F6540250E7B9A00F42895;
			productRefGroup = CF6F654A250E7B9A00F42895 /* Products */;
			projectDirPath = "";
			projectRoot = "";
			targets = (
				CF6F6548250E7B9A00F42895 /* Flixster */,
				CF6F655E250E7BA600F42895 /* FlixsterTests */,
				CF6F6569250E7BA600F42895 /* FlixsterUITests */,
			);
		};
/* End PBXProject section */

/* Begin PBXResourcesBuildPhase section */
		CF6F6547250E7B9A00F42895 /* Resources */ = {
			isa = PBXResourcesBuildPhase;
			buildActionMask = 2147483647;
			files = (
				CF6F6559250E7BA600F42895 /* LaunchScreen.storyboard in Resources */,
				CF6F6556250E7BA600F42895 /* Assets.xcassets in Resources */,
				CF6F6554250E7B9A00F42895 /* Main.storyboard in Resources */,
			);
			runOnlyForDeploymentPostprocessing = 0;
		};
		CF6F655D250E7BA600F42895 /* Resources */ = {
			isa = PBXResourcesBuildPhase;
			buildActionMask = 2147483647;
			files = (
			);
			runOnlyForDeploymentPostprocessing = 0;
		};
		CF6F6568250E7BA600F42895 /* Resources */ = {
			isa = PBXResourcesBuildPhase;
			buildActionMask = 2147483647;
			files = (
			);
			runOnlyForDeploymentPostprocessing = 0;
		};
/* End PBXResourcesBuildPhase section */

/* Begin PBXSourcesBuildPhase section */
		CF6F6545250E7B9A00F42895 /* Sources */ = {
			isa = PBXSourcesBuildPhase;
			buildActionMask = 2147483647;
			files = (
				CF6F6551250E7B9A00F42895 /* ViewController.swift in Sources */,
				CF6F654D250E7B9A00F42895 /* AppDelegate.swift in Sources */,
				CF6F654F250E7B9A00F42895 /* SceneDelegate.swift in Sources */,
			);
			runOnlyForDeploymentPostprocessing = 0;
		};
		CF6F655B250E7BA600F42895 /* Sources */ = {
			isa = PBXSourcesBuildPhase;
			buildActionMask = 2147483647;
			files = (
				CF6F6564250E7BA600F42895 /* FlixsterTests.swift in Sources */,
			);
			runOnlyForDeploymentPostprocessing = 0;
		};
		CF6F6566250E7BA600F42895 /* Sources */ = {
			isa = PBXSourcesBuildPhase;
			buildActionMask = 2147483647;
			files = (
				CF6F656F250E7BA600F42895 /* FlixsterUITests.swift in Sources */,
			);
			runOnlyForDeploymentPostprocessing = 0;
		};
/* End PBXSourcesBuildPhase section */

/* Begin PBXTargetDependency section */
		CF6F6561250E7BA600F42895 /* PBXTargetDependency */ = {
			isa = PBXTargetDependency;
			target = CF6F6548250E7B9A00F42895 /* Flixster */;
			targetProxy = CF6F6560250E7BA600F42895 /* PBXContainerItemProxy */;
		};
		CF6F656C250E7BA600F42895 /* PBXTargetDependency */ = {
			isa = PBXTargetDependency;
			target = CF6F6548250E7B9A00F42895 /* Flixster */;
			targetProxy = CF6F656B250E7BA600F42895 /* PBXContainerItemProxy */;
		};
/* End PBXTargetDependency section */

/* Begin PBXVariantGroup section */
		CF6F6552250E7B9A00F42895 /* Main.storyboard */ = {
			isa = PBXVariantGroup;
			children = (
				CF6F6553250E7B9A00F42895 /* Base */,
			);
			name = Main.storyboard;
			sourceTree = "<group>";
		};
		CF6F6557250E7BA600F42895 /* LaunchScreen.storyboard */ = {
			isa = PBXVariantGroup;
			children = (
				CF6F6558250E7BA600F42895 /* Base */,
			);
			name = LaunchScreen.storyboard;
			sourceTree = "<group>";
		};
/* End PBXVariantGroup section */

/* Begin XCBuildConfiguration section */
		CF6F6571250E7BA600F42895 /* Debug */ = {
			isa = XCBuildConfiguration;
			buildSettings = {
				ALWAYS_SEARCH_USER_PATHS = NO;
				CLANG_ANALYZER_NONNULL = YES;
				CLANG_ANALYZER_NUMBER_OBJECT_CONVERSION = YES_AGGRESSIVE;
				CLANG_CXX_LANGUAGE_STANDARD = "gnu++14";
				CLANG_CXX_LIBRARY = "libc++";
				CLANG_ENABLE_MODULES = YES;
				CLANG_ENABLE_OBJC_ARC = YES;
				CLANG_ENABLE_OBJC_WEAK = YES;
				CLANG_WARN_BLOCK_CAPTURE_AUTORELEASING = YES;
				CLANG_WARN_BOOL_CONVERSION = YES;
				CLANG_WARN_COMMA = YES;
				CLANG_WARN_CONSTANT_CONVERSION = YES;
				CLANG_WARN_DEPRECATED_OBJC_IMPLEMENTATIONS = YES;
				CLANG_WARN_DIRECT_OBJC_ISA_USAGE = YES_ERROR;
				CLANG_WARN_DOCUMENTATION_COMMENTS = YES;
				CLANG_WARN_EMPTY_BODY = YES;
				CLANG_WARN_ENUM_CONVERSION = YES;
				CLANG_WARN_INFINITE_RECURSION = YES;
				CLANG_WARN_INT_CONVERSION = YES;
				CLANG_WARN_NON_LITERAL_NULL_CONVERSION = YES;
				CLANG_WARN_OBJC_IMPLICIT_RETAIN_SELF = YES;
				CLANG_WARN_OBJC_LITERAL_CONVERSION = YES;
				CLANG_WARN_OBJC_ROOT_CLASS = YES_ERROR;
				CLANG_WARN_RANGE_LOOP_ANALYSIS = YES;
				CLANG_WARN_STRICT_PROTOTYPES = YES;
				CLANG_WARN_SUSPICIOUS_MOVE = YES;
				CLANG_WARN_UNGUARDED_AVAILABILITY = YES_AGGRESSIVE;
				CLANG_WARN_UNREACHABLE_CODE = YES;
				CLANG_WARN__DUPLICATE_METHOD_MATCH = YES;
				COPY_PHASE_STRIP = NO;
				DEBUG_INFORMATION_FORMAT = dwarf;
				ENABLE_STRICT_OBJC_MSGSEND = YES;
				ENABLE_TESTABILITY = YES;
				GCC_C_LANGUAGE_STANDARD = gnu11;
				GCC_DYNAMIC_NO_PIC = NO;
				GCC_NO_COMMON_BLOCKS = YES;
				GCC_OPTIMIZATION_LEVEL = 0;
				GCC_PREPROCESSOR_DEFINITIONS = (
					"DEBUG=1",
					"$(inherited)",
				);
				GCC_WARN_64_TO_32_BIT_CONVERSION = YES;
				GCC_WARN_ABOUT_RETURN_TYPE = YES_ERROR;
				GCC_WARN_UNDECLARED_SELECTOR = YES;
				GCC_WARN_UNINITIALIZED_AUTOS = YES_AGGRESSIVE;
				GCC_WARN_UNUSED_FUNCTION = YES;
				GCC_WARN_UNUSED_VARIABLE = YES;
				IPHONEOS_DEPLOYMENT_TARGET = 13.7;
				MTL_ENABLE_DEBUG_INFO = INCLUDE_SOURCE;
				MTL_FAST_MATH = YES;
				ONLY_ACTIVE_ARCH = YES;
				SDKROOT = iphoneos;
				SWIFT_ACTIVE_COMPILATION_CONDITIONS = DEBUG;
				SWIFT_OPTIMIZATION_LEVEL = "-Onone";
			};
			name = Debug;
		};
		CF6F6572250E7BA600F42895 /* Release */ = {
			isa = XCBuildConfiguration;
			buildSettings = {
				ALWAYS_SEARCH_USER_PATHS = NO;
				CLANG_ANALYZER_NONNULL = YES;
				CLANG_ANALYZER_NUMBER_OBJECT_CONVERSION = YES_AGGRESSIVE;
				CLANG_CXX_LANGUAGE_STANDARD = "gnu++14";
				CLANG_CXX_LIBRARY = "libc++";
				CLANG_ENABLE_MODULES = YES;
				CLANG_ENABLE_OBJC_ARC = YES;
				CLANG_ENABLE_OBJC_WEAK = YES;
				CLANG_WARN_BLOCK_CAPTURE_AUTORELEASING = YES;
				CLANG_WARN_BOOL_CONVERSION = YES;
				CLANG_WARN_COMMA = YES;
				CLANG_WARN_CONSTANT_CONVERSION = YES;
				CLANG_WARN_DEPRECATED_OBJC_IMPLEMENTATIONS = YES;
				CLANG_WARN_DIRECT_OBJC_ISA_USAGE = YES_ERROR;
				CLANG_WARN_DOCUMENTATION_COMMENTS = YES;
				CLANG_WARN_EMPTY_BODY = YES;
				CLANG_WARN_ENUM_CONVERSION = YES;
				CLANG_WARN_INFINITE_RECURSION = YES;
				CLANG_WARN_INT_CONVERSION = YES;
				CLANG_WARN_NON_LITERAL_NULL_CONVERSION = YES;
				CLANG_WARN_OBJC_IMPLICIT_RETAIN_SELF = YES;
				CLANG_WARN_OBJC_LITERAL_CONVERSION = YES;
				CLANG_WARN_OBJC_ROOT_CLASS = YES_ERROR;
				CLANG_WARN_RANGE_LOOP_ANALYSIS = YES;
				CLANG_WARN_STRICT_PROTOTYPES = YES;
				CLANG_WARN_SUSPICIOUS_MOVE = YES;
				CLANG_WARN_UNGUARDED_AVAILABILITY = YES_AGGRESSIVE;
				CLANG_WARN_UNREACHABLE_CODE = YES;
				CLANG_WARN__DUPLICATE_METHOD_MATCH = YES;
				COPY_PHASE_STRIP = NO;
				DEBUG_INFORMATION_FORMAT = "dwarf-with-dsym";
				ENABLE_NS_ASSERTIONS = NO;
				ENABLE_STRICT_OBJC_MSGSEND = YES;
				GCC_C_LANGUAGE_STANDARD = gnu11;
				GCC_NO_COMMON_BLOCKS = YES;
				GCC_WARN_64_TO_32_BIT_CONVERSION = YES;
				GCC_WARN_ABOUT_RETURN_TYPE = YES_ERROR;
				GCC_WARN_UNDECLARED_SELECTOR = YES;
				GCC_WARN_UNINITIALIZED_AUTOS = YES_AGGRESSIVE;
				GCC_WARN_UNUSED_FUNCTION = YES;
				GCC_WARN_UNUSED_VARIABLE = YES;
				IPHONEOS_DEPLOYMENT_TARGET = 13.7;
				MTL_ENABLE_DEBUG_INFO = NO;
				MTL_FAST_MATH = YES;
				SDKROOT = iphoneos;
				SWIFT_COMPILATION_MODE = wholemodule;
				SWIFT_OPTIMIZATION_LEVEL = "-O";
				VALIDATE_PRODUCT = YES;
			};
			name = Release;
		};
		CF6F6574250E7BA600F42895 /* Debug */ = {
			isa = XCBuildConfiguration;
			buildSettings = {
				ASSETCATALOG_COMPILER_APPICON_NAME = AppIcon;
				CODE_SIGN_STYLE = Automatic;
				INFOPLIST_FILE = Flixster/Info.plist;
				LD_RUNPATH_SEARCH_PATHS = (
					"$(inherited)",
					"@executable_path/Frameworks",
				);
				PRODUCT_BUNDLE_IDENTIFIER = Codepath.Flixster;
				PRODUCT_NAME = "$(TARGET_NAME)";
				SWIFT_VERSION = 5.0;
				TARGETED_DEVICE_FAMILY = "1,2";
			};
			name = Debug;
		};
		CF6F6575250E7BA600F42895 /* Release */ = {
			isa = XCBuildConfiguration;
			buildSettings = {
				ASSETCATALOG_COMPILER_APPICON_NAME = AppIcon;
				CODE_SIGN_STYLE = Automatic;
				INFOPLIST_FILE = Flixster/Info.plist;
				LD_RUNPATH_SEARCH_PATHS = (
					"$(inherited)",
					"@executable_path/Frameworks",
				);
				PRODUCT_BUNDLE_IDENTIFIER = Codepath.Flixster;
				PRODUCT_NAME = "$(TARGET_NAME)";
				SWIFT_VERSION = 5.0;
				TARGETED_DEVICE_FAMILY = "1,2";
			};
			name = Release;
		};
		CF6F6577250E7BA600F42895 /* Debug */ = {
			isa = XCBuildConfiguration;
			buildSettings = {
				ALWAYS_EMBED_SWIFT_STANDARD_LIBRARIES = YES;
				BUNDLE_LOADER = "$(TEST_HOST)";
				CODE_SIGN_STYLE = Automatic;
				INFOPLIST_FILE = FlixsterTests/Info.plist;
				IPHONEOS_DEPLOYMENT_TARGET = 13.7;
				LD_RUNPATH_SEARCH_PATHS = (
					"$(inherited)",
					"@executable_path/Frameworks",
					"@loader_path/Frameworks",
				);
				PRODUCT_BUNDLE_IDENTIFIER = Codepath.FlixsterTests;
				PRODUCT_NAME = "$(TARGET_NAME)";
				SWIFT_VERSION = 5.0;
				TARGETED_DEVICE_FAMILY = "1,2";
				TEST_HOST = "$(BUILT_PRODUCTS_DIR)/Flixster.app/Flixster";
			};
			name = Debug;
		};
		CF6F6578250E7BA600F42895 /* Release */ = {
			isa = XCBuildConfiguration;
			buildSettings = {
				ALWAYS_EMBED_SWIFT_STANDARD_LIBRARIES = YES;
				BUNDLE_LOADER = "$(TEST_HOST)";
				CODE_SIGN_STYLE = Automatic;
				INFOPLIST_FILE = FlixsterTests/Info.plist;
				IPHONEOS_DEPLOYMENT_TARGET = 13.7;
				LD_RUNPATH_SEARCH_PATHS = (
					"$(inherited)",
					"@executable_path/Frameworks",
					"@loader_path/Frameworks",
				);
				PRODUCT_BUNDLE_IDENTIFIER = Codepath.FlixsterTests;
				PRODUCT_NAME = "$(TARGET_NAME)";
				SWIFT_VERSION = 5.0;
				TARGETED_DEVICE_FAMILY = "1,2";
				TEST_HOST = "$(BUILT_PRODUCTS_DIR)/Flixster.app/Flixster";
			};
			name = Release;
		};
		CF6F657A250E7BA600F42895 /* Debug */ = {
			isa = XCBuildConfiguration;
			buildSettings = {
				ALWAYS_EMBED_SWIFT_STANDARD_LIBRARIES = YES;
				CODE_SIGN_STYLE = Automatic;
				INFOPLIST_FILE = FlixsterUITests/Info.plist;
				LD_RUNPATH_SEARCH_PATHS = (
					"$(inherited)",
					"@executable_path/Frameworks",
					"@loader_path/Frameworks",
				);
				PRODUCT_BUNDLE_IDENTIFIER = Codepath.FlixsterUITests;
				PRODUCT_NAME = "$(TARGET_NAME)";
				SWIFT_VERSION = 5.0;
				TARGETED_DEVICE_FAMILY = "1,2";
				TEST_TARGET_NAME = Flixster;
			};
			name = Debug;
		};
		CF6F657B250E7BA600F42895 /* Release */ = {
			isa = XCBuildConfiguration;
			buildSettings = {
				ALWAYS_EMBED_SWIFT_STANDARD_LIBRARIES = YES;
				CODE_SIGN_STYLE = Automatic;
				INFOPLIST_FILE = FlixsterUITests/Info.plist;
				LD_RUNPATH_SEARCH_PATHS = (
					"$(inherited)",
					"@executable_path/Frameworks",
					"@loader_path/Frameworks",
				);
				PRODUCT_BUNDLE_IDENTIFIER = Codepath.FlixsterUITests;
				PRODUCT_NAME = "$(TARGET_NAME)";
				SWIFT_VERSION = 5.0;
				TARGETED_DEVICE_FAMILY = "1,2";
				TEST_TARGET_NAME = Flixster;
			};
			name = Release;
		};
/* End XCBuildConfiguration section */

/* Begin XCConfigurationList section */
		CF6F6544250E7B9A00F42895 /* Build configuration list for PBXProject "Flixster" */ = {
			isa = XCConfigurationList;
			buildConfigurations = (
				CF6F6571250E7BA600F42895 /* Debug */,
				CF6F6572250E7BA600F42895 /* Release */,
			);
			defaultConfigurationIsVisible = 0;
			defaultConfigurationName = Release;
		};
		CF6F6573250E7BA600F42895 /* Build configuration list for PBXNativeTarget "Flixster" */ = {
			isa = XCConfigurationList;
			buildConfigurations = (
				CF6F6574250E7BA600F42895 /* Debug */,
				CF6F6575250E7BA600F42895 /* Release */,
			);
			defaultConfigurationIsVisible = 0;
			defaultConfigurationName = Release;
		};
		CF6F6576250E7BA600F42895 /* Build configuration list for PBXNativeTarget "FlixsterTests" */ = {
			isa = XCConfigurationList;
			buildConfigurations = (
				CF6F6577250E7BA600F42895 /* Debug */,
				CF6F6578250E7BA600F42895 /* Release */,
			);
			defaultConfigurationIsVisible = 0;
			defaultConfigurationName = Release;
		};
		CF6F6579250E7BA600F42895 /* Build configuration list for PBXNativeTarget "FlixsterUITests" */ = {
			isa = XCConfigurationList;
			buildConfigurations = (
				CF6F657A250E7BA600F42895 /* Debug */,
				CF6F657B250E7BA600F42895 /* Release */,
			);
			defaultConfigurationIsVisible = 0;
			defaultConfigurationName = Release;
		};
/* End XCConfigurationList section */
	};
	rootObject = CF6F6541250E7B9A00F42895 /* Project object */;
}
